
Microsoft Visual Studio Solution File, Format Version 12.00
# Visual Studio Version 17
VisualStudioVersion = 17.0.32112.339
MinimumVisualStudioVersion = 10.0.40219.1
Project("{FAE04EC0-301F-11D3-BF4B-00C04F79EFBC}") = "InputReading", "InputReading.csproj", "{1375B637-75D8-4598-8DF9-358700628402}"
EndProject
Global
	GlobalSection(SolutionConfigurationPlatforms) = preSolution
		Debug|Any CPU = Debug|Any CPU
		Release|Any CPU = Release|Any CPU
	EndGlobalSection
	GlobalSection(ProjectConfigurationPlatforms) = postSolution
		{1375B637-75D8-4598-8DF9-358700628402}.Debug|Any CPU.ActiveCfg = Debug|Any CPU
		{1375B637-75D8-4598-8DF9-358700628402}.Debug|Any CPU.Build.0 = Debug|Any CPU
		{1375B637-75D8-4598-8DF9-358700628402}.Release|Any CPU.ActiveCfg = Release|Any CPU
		{1375B637-75D8-4598-8DF9-358700628402}.Release|Any CPU.Build.0 = Release|Any CPU
	EndGlobalSection
	GlobalSection(SolutionProperties) = preSolution
		HideSolutionNode = FALSE
	EndGlobalSection
	GlobalSection(ExtensibilityGlobals) = postSolution
		SolutionGuid = {9C1CC165-ECF3-4E8D-8E67-F69EEFDE6B94}
	EndGlobalSection
EndGlobal
